{
  "name": "yarge-js",
  "version": "0.2.0",
  "lockfileVersion": 1,
  "requires": true,
  "dependencies": {
    "js-resizer": {
      "version": "git+https://github.com/ericandre615/js-resizer.git#9687098a00d4d4f910057a0a5eb2ce9709d77596",
      "from": "git+https://github.com/ericandre615/js-resizer.git"
    }
  }
}
